
Microsoft Visual Studio Solution File, Format Version 12.00
# Visual Studio Version 17
VisualStudioVersion = 17.4.33205.214
MinimumVisualStudioVersion = 10.0.40219.1
Project("{2150E333-8FDC-42A3-9474-1A3956D46DE8}") = "src", "src", "{965CAEF3-3494-4083-8B75-82AB2F2E8806}"
EndProject
Project("{2150E333-8FDC-42A3-9474-1A3956D46DE8}") = "test", "test", "{E5EE7EFA-4FBD-49BA-A4C8-17DA971EECBF}"
EndProject
Project("{9A19103F-16F7-4668-BE54-9A1E7A4F7556}") = "OrderDuplicate.Server", "OrderDuplicate\Server\OrderDuplicate.Server.csproj", "{488B34BF-35C9-4DF7-94F0-2CCCC94716B1}"
EndProject
Project("{9A19103F-16F7-4668-BE54-9A1E7A4F7556}") = "OrderDuplicate.Application", "OrderDuplicate.Application\OrderDuplicate.Application.csproj", "{58F6FF5B-A4AF-49F4-A85E-81703CEBC99D}"
EndProject
Project("{9A19103F-16F7-4668-BE54-9A1E7A4F7556}") = "OrderDuplicate.Domain", "OrderDuplicate.Domain\OrderDuplicate.Domain.csproj", "{6CAF1D59-3F35-4F6C-9913-560E45099B99}"
EndProject
Project("{9A19103F-16F7-4668-BE54-9A1E7A4F7556}") = "OrderDuplicate.Infrastructure", "OrderDuplicate.Infrastructure\OrderDuplicate.Infrastructure.csproj", "{040AFA29-3717-466D-A76A-18A303ADDAB0}"
EndProject
Project("{2150E333-8FDC-42A3-9474-1A3956D46DE8}") = "function", "function", "{E27BEC4D-1A58-4D3E-AD90-33883DAB8DAC}"
EndProject
Project("{9A19103F-16F7-4668-BE54-9A1E7A4F7556}") = "EventProcessHTTP", "EventProcessHTTP\EventProcessHTTP.csproj", "{98990BAD-534E-44A0-8C67-CDD1EF294EF8}"
EndProject
Global
	GlobalSection(SolutionConfigurationPlatforms) = preSolution
		Debug|Any CPU = Debug|Any CPU
		Release|Any CPU = Release|Any CPU
	EndGlobalSection
	GlobalSection(ProjectConfigurationPlatforms) = postSolution
		{488B34BF-35C9-4DF7-94F0-2CCCC94716B1}.Debug|Any CPU.ActiveCfg = Debug|Any CPU
		{488B34BF-35C9-4DF7-94F0-2CCCC94716B1}.Debug|Any CPU.Build.0 = Debug|Any CPU
		{488B34BF-35C9-4DF7-94F0-2CCCC94716B1}.Release|Any CPU.ActiveCfg = Release|Any CPU
		{488B34BF-35C9-4DF7-94F0-2CCCC94716B1}.Release|Any CPU.Build.0 = Release|Any CPU
		{58F6FF5B-A4AF-49F4-A85E-81703CEBC99D}.Debug|Any CPU.ActiveCfg = Debug|Any CPU
		{58F6FF5B-A4AF-49F4-A85E-81703CEBC99D}.Debug|Any CPU.Build.0 = Debug|Any CPU
		{58F6FF5B-A4AF-49F4-A85E-81703CEBC99D}.Release|Any CPU.ActiveCfg = Release|Any CPU
		{58F6FF5B-A4AF-49F4-A85E-81703CEBC99D}.Release|Any CPU.Build.0 = Release|Any CPU
		{6CAF1D59-3F35-4F6C-9913-560E45099B99}.Debug|Any CPU.ActiveCfg = Debug|Any CPU
		{6CAF1D59-3F35-4F6C-9913-560E45099B99}.Debug|Any CPU.Build.0 = Debug|Any CPU
		{6CAF1D59-3F35-4F6C-9913-560E45099B99}.Release|Any CPU.ActiveCfg = Release|Any CPU
		{6CAF1D59-3F35-4F6C-9913-560E45099B99}.Release|Any CPU.Build.0 = Release|Any CPU
		{040AFA29-3717-466D-A76A-18A303ADDAB0}.Debug|Any CPU.ActiveCfg = Debug|Any CPU
		{040AFA29-3717-466D-A76A-18A303ADDAB0}.Debug|Any CPU.Build.0 = Debug|Any CPU
		{040AFA29-3717-466D-A76A-18A303ADDAB0}.Release|Any CPU.ActiveCfg = Release|Any CPU
		{040AFA29-3717-466D-A76A-18A303ADDAB0}.Release|Any CPU.Build.0 = Release|Any CPU
		{98990BAD-534E-44A0-8C67-CDD1EF294EF8}.Debug|Any CPU.ActiveCfg = Debug|Any CPU
		{98990BAD-534E-44A0-8C67-CDD1EF294EF8}.Debug|Any CPU.Build.0 = Debug|Any CPU
		{98990BAD-534E-44A0-8C67-CDD1EF294EF8}.Release|Any CPU.ActiveCfg = Release|Any CPU
		{98990BAD-534E-44A0-8C67-CDD1EF294EF8}.Release|Any CPU.Build.0 = Release|Any CPU
	EndGlobalSection
	GlobalSection(SolutionProperties) = preSolution
		HideSolutionNode = FALSE
	EndGlobalSection
	GlobalSection(NestedProjects) = preSolution
		{488B34BF-35C9-4DF7-94F0-2CCCC94716B1} = {965CAEF3-3494-4083-8B75-82AB2F2E8806}
		{58F6FF5B-A4AF-49F4-A85E-81703CEBC99D} = {965CAEF3-3494-4083-8B75-82AB2F2E8806}
		{6CAF1D59-3F35-4F6C-9913-560E45099B99} = {965CAEF3-3494-4083-8B75-82AB2F2E8806}
		{040AFA29-3717-466D-A76A-18A303ADDAB0} = {965CAEF3-3494-4083-8B75-82AB2F2E8806}
		{E27BEC4D-1A58-4D3E-AD90-33883DAB8DAC} = {965CAEF3-3494-4083-8B75-82AB2F2E8806}
		{98990BAD-534E-44A0-8C67-CDD1EF294EF8} = {E27BEC4D-1A58-4D3E-AD90-33883DAB8DAC}
	EndGlobalSection
	GlobalSection(ExtensibilityGlobals) = postSolution
		SolutionGuid = {E55EED7D-1D96-484B-9DDC-B75322850330}
	EndGlobalSection
EndGlobal
